
Microsoft Visual Studio Solution File, Format Version 12.00
# Visual Studio Version 17
VisualStudioVersion = 17.1.32210.238
MinimumVisualStudioVersion = 10.0.40219.1
Project("{FAE04EC0-301F-11D3-BF4B-00C04F79EFBC}") = "Eshop", "Eshop\Eshop.csproj", "{FDDFB4CD-F1D0-4FDB-86AB-82812FCAEDB5}"
EndProject
Global
	GlobalSection(SolutionConfigurationPlatforms) = preSolution
		Debug|Any CPU = Debug|Any CPU
		Release|Any CPU = Release|Any CPU
	EndGlobalSection
	GlobalSection(ProjectConfigurationPlatforms) = postSolution
		{FDDFB4CD-F1D0-4FDB-86AB-82812FCAEDB5}.Debug|Any CPU.ActiveCfg = Debug|Any CPU
		{FDDFB4CD-F1D0-4FDB-86AB-82812FCAEDB5}.Debug|Any CPU.Build.0 = Debug|Any CPU
		{FDDFB4CD-F1D0-4FDB-86AB-82812FCAEDB5}.Release|Any CPU.ActiveCfg = Release|Any CPU
		{FDDFB4CD-F1D0-4FDB-86AB-82812FCAEDB5}.Release|Any CPU.Build.0 = Release|Any CPU
	EndGlobalSection
	GlobalSection(SolutionProperties) = preSolution
		HideSolutionNode = FALSE
	EndGlobalSection
	GlobalSection(ExtensibilityGlobals) = postSolution
		SolutionGuid = {5A459EA9-D1CA-4DA3-97B6-8D7FF579B13A}
	EndGlobalSection
EndGlobal
